
Microsoft Visual Studio Solution File, Format Version 12.00
# Visual Studio Version 17
VisualStudioVersion = 17.0.31903.59
MinimumVisualStudioVersion = 10.0.40219.1
Project("{FAE04EC0-301F-11D3-BF4B-00C04F79EFBC}") = "FCG-Libraries.Domain", "FCG-Libraries.Domain\FCG-Libraries.Domain.csproj", "{4C3508B4-3B96-4FD8-857D-C96F7EB6D9D2}"
EndProject
Project("{FAE04EC0-301F-11D3-BF4B-00C04F79EFBC}") = "FCG-Libraries.Application", "FCG-Libraries.Application\FCG-Libraries.Application.csproj", "{48DDD958-DB06-431F-B5BC-5ACEFC34B9FC}"
EndProject
Project("{FAE04EC0-301F-11D3-BF4B-00C04F79EFBC}") = "FCG-Libraries.Infrastructure", "FCG-Libraries.Infrastructure\FCG-Libraries.Infrastructure.csproj", "{BF8BF22B-2B76-44B9-AAB2-97100707F7DA}"
EndProject
Project("{FAE04EC0-301F-11D3-BF4B-00C04F79EFBC}") = "FCG-Libraries.Api", "FCG-Libraries.Api\FCG-Libraries.Api.csproj", "{B6BFA1F3-2E2C-40D1-9F88-11E59CE5D38A}"
EndProject
Project("{FAE04EC0-301F-11D3-BF4B-00C04F79EFBC}") = "FCG-Libraries.WorkService", "FCG-Libraries.WorkService\FCG-Libraries.WorkService.csproj", "{C375E9DF-EE47-479A-9FC2-7F6A2C374A14}"
EndProject
Global
	GlobalSection(SolutionConfigurationPlatforms) = preSolution
		Debug|Any CPU = Debug|Any CPU
		Release|Any CPU = Release|Any CPU
	EndGlobalSection
	GlobalSection(ProjectConfigurationPlatforms) = postSolution
		{4C3508B4-3B96-4FD8-857D-C96F7EB6D9D2}.Debug|Any CPU.ActiveCfg = Debug|Any CPU
		{4C3508B4-3B96-4FD8-857D-C96F7EB6D9D2}.Debug|Any CPU.Build.0 = Debug|Any CPU
		{4C3508B4-3B96-4FD8-857D-C96F7EB6D9D2}.Release|Any CPU.ActiveCfg = Release|Any CPU
		{4C3508B4-3B96-4FD8-857D-C96F7EB6D9D2}.Release|Any CPU.Build.0 = Release|Any CPU
		{48DDD958-DB06-431F-B5BC-5ACEFC34B9FC}.Debug|Any CPU.ActiveCfg = Debug|Any CPU
		{48DDD958-DB06-431F-B5BC-5ACEFC34B9FC}.Debug|Any CPU.Build.0 = Debug|Any CPU
		{48DDD958-DB06-431F-B5BC-5ACEFC34B9FC}.Release|Any CPU.ActiveCfg = Release|Any CPU
		{48DDD958-DB06-431F-B5BC-5ACEFC34B9FC}.Release|Any CPU.Build.0 = Release|Any CPU
		{BF8BF22B-2B76-44B9-AAB2-97100707F7DA}.Debug|Any CPU.ActiveCfg = Debug|Any CPU
		{BF8BF22B-2B76-44B9-AAB2-97100707F7DA}.Debug|Any CPU.Build.0 = Debug|Any CPU
		{BF8BF22B-2B76-44B9-AAB2-97100707F7DA}.Release|Any CPU.ActiveCfg = Release|Any CPU
		{BF8BF22B-2B76-44B9-AAB2-97100707F7DA}.Release|Any CPU.Build.0 = Release|Any CPU
		{B6BFA1F3-2E2C-40D1-9F88-11E59CE5D38A}.Debug|Any CPU.ActiveCfg = Debug|Any CPU
		{B6BFA1F3-2E2C-40D1-9F88-11E59CE5D38A}.Debug|Any CPU.Build.0 = Debug|Any CPU
		{B6BFA1F3-2E2C-40D1-9F88-11E59CE5D38A}.Release|Any CPU.ActiveCfg = Release|Any CPU
		{B6BFA1F3-2E2C-40D1-9F88-11E59CE5D38A}.Release|Any CPU.Build.0 = Release|Any CPU
		{C375E9DF-EE47-479A-9FC2-7F6A2C374A14}.Debug|Any CPU.ActiveCfg = Debug|Any CPU
		{C375E9DF-EE47-479A-9FC2-7F6A2C374A14}.Debug|Any CPU.Build.0 = Debug|Any CPU
		{C375E9DF-EE47-479A-9FC2-7F6A2C374A14}.Release|Any CPU.ActiveCfg = Release|Any CPU
		{C375E9DF-EE47-479A-9FC2-7F6A2C374A14}.Release|Any CPU.Build.0 = Release|Any CPU
	EndGlobalSection
	GlobalSection(SolutionProperties) = preSolution
		HideSolutionNode = FALSE
	EndGlobalSection
	GlobalSection(ExtensibilityGlobals) = postSolution
		SolutionGuid = {F053748B-D749-4743-812E-2FCCD19D1B9B}
	EndGlobalSection
EndGlobal
